
Microsoft Visual Studio Solution File, Format Version 12.00
# Visual Studio Version 17
VisualStudioVersion = 17.8.34330.188
MinimumVisualStudioVersion = 10.0.40219.1
Project("{FAE04EC0-301F-11D3-BF4B-00C04F79EFBC}") = "TetraClashServer", "TetraClashServer\TetraClashServer.csproj", "{F6A322F1-57C4-4DCB-A1F5-9611AD4D72D7}"
EndProject
Global
	GlobalSection(SolutionConfigurationPlatforms) = preSolution
		Debug|Any CPU = Debug|Any CPU
		Release|Any CPU = Release|Any CPU
	EndGlobalSection
	GlobalSection(ProjectConfigurationPlatforms) = postSolution
		{F6A322F1-57C4-4DCB-A1F5-9611AD4D72D7}.Debug|Any CPU.ActiveCfg = Debug|Any CPU
		{F6A322F1-57C4-4DCB-A1F5-9611AD4D72D7}.Debug|Any CPU.Build.0 = Debug|Any CPU
		{F6A322F1-57C4-4DCB-A1F5-9611AD4D72D7}.Release|Any CPU.ActiveCfg = Release|Any CPU
		{F6A322F1-57C4-4DCB-A1F5-9611AD4D72D7}.Release|Any CPU.Build.0 = Release|Any CPU
	EndGlobalSection
	GlobalSection(SolutionProperties) = preSolution
		HideSolutionNode = FALSE
	EndGlobalSection
	GlobalSection(ExtensibilityGlobals) = postSolution
		SolutionGuid = {4A0799E6-56D0-49E3-8EFB-D16CC1F2EA12}
	EndGlobalSection
EndGlobal
